
Microsoft Visual Studio Solution File, Format Version 12.00
# Visual Studio 15
VisualStudioVersion = 15.0.27130.2020
MinimumVisualStudioVersion = 10.0.40219.1
Project("{FAE04EC0-301F-11D3-BF4B-00C04F79EFBC}") = "MLauncher", "MLauncher\MLauncher.csproj", "{34CE81B5-E9EA-4641-8DDD-4EBC36BF11AE}"
EndProject
Project("{FAE04EC0-301F-11D3-BF4B-00C04F79EFBC}") = "RegistryApp", "Registry\RegistryApp.csproj", "{16A8FA23-5C0C-4B59-A057-B34255FF55C1}"
EndProject
Project("{FAE04EC0-301F-11D3-BF4B-00C04F79EFBC}") = "MLauncherServer", "MLauncherServer\MLauncherServer.csproj", "{A267F84F-F508-401E-A068-72929D6439F3}"
EndProject
Project("{FAE04EC0-301F-11D3-BF4B-00C04F79EFBC}") = "IptablesCmd", "IptablesCmd\IptablesCmd.csproj", "{27C889CB-C968-4226-B137-13343944A09A}"
EndProject
Global
	GlobalSection(SolutionConfigurationPlatforms) = preSolution
		Debug|Any CPU = Debug|Any CPU
		Release|Any CPU = Release|Any CPU
	EndGlobalSection
	GlobalSection(ProjectConfigurationPlatforms) = postSolution
		{34CE81B5-E9EA-4641-8DDD-4EBC36BF11AE}.Debug|Any CPU.ActiveCfg = Debug|Any CPU
		{34CE81B5-E9EA-4641-8DDD-4EBC36BF11AE}.Debug|Any CPU.Build.0 = Debug|Any CPU
		{34CE81B5-E9EA-4641-8DDD-4EBC36BF11AE}.Release|Any CPU.ActiveCfg = Release|Any CPU
		{34CE81B5-E9EA-4641-8DDD-4EBC36BF11AE}.Release|Any CPU.Build.0 = Release|Any CPU
		{16A8FA23-5C0C-4B59-A057-B34255FF55C1}.Debug|Any CPU.ActiveCfg = Debug|Any CPU
		{16A8FA23-5C0C-4B59-A057-B34255FF55C1}.Debug|Any CPU.Build.0 = Debug|Any CPU
		{16A8FA23-5C0C-4B59-A057-B34255FF55C1}.Release|Any CPU.ActiveCfg = Release|Any CPU
		{16A8FA23-5C0C-4B59-A057-B34255FF55C1}.Release|Any CPU.Build.0 = Release|Any CPU
		{A267F84F-F508-401E-A068-72929D6439F3}.Debug|Any CPU.ActiveCfg = Debug|Any CPU
		{A267F84F-F508-401E-A068-72929D6439F3}.Debug|Any CPU.Build.0 = Debug|Any CPU
		{A267F84F-F508-401E-A068-72929D6439F3}.Release|Any CPU.ActiveCfg = Release|Any CPU
		{A267F84F-F508-401E-A068-72929D6439F3}.Release|Any CPU.Build.0 = Release|Any CPU
		{27C889CB-C968-4226-B137-13343944A09A}.Debug|Any CPU.ActiveCfg = Debug|Any CPU
		{27C889CB-C968-4226-B137-13343944A09A}.Debug|Any CPU.Build.0 = Debug|Any CPU
		{27C889CB-C968-4226-B137-13343944A09A}.Release|Any CPU.ActiveCfg = Release|Any CPU
		{27C889CB-C968-4226-B137-13343944A09A}.Release|Any CPU.Build.0 = Release|Any CPU
	EndGlobalSection
	GlobalSection(SolutionProperties) = preSolution
		HideSolutionNode = FALSE
	EndGlobalSection
	GlobalSection(ExtensibilityGlobals) = postSolution
		SolutionGuid = {930C4479-FF2A-41E7-85BA-F845910566EF}
	EndGlobalSection
EndGlobal
